{
  "object": {
    "pins": [
      {
        "package": "Diesel",
        "repositoryURL": "https://github.com/kyouko-taiga/Diesel.git",
        "state": {
          "branch": null,
          "revision": "5c5473fb4df7bf99d06621f425e35a93a2619dd2",
          "version": "1.1.0"
        }
      },
      {
        "package": "LLVM",
        "repositoryURL": "https://github.com/kyouko-taiga/LLVMSwift.git",
        "state": {
          "branch": "master",
          "revision": "58d87e0def9be831da9f9d3ad96bdccfa59982fa",
          "version": null
        }
      },
      {
        "package": "swift-argument-parser",
        "repositoryURL": "https://github.com/apple/swift-argument-parser.git",
        "state": {
          "branch": null,
          "revision": "6b2aa2748a7881eebb9f84fb10c01293e15b52ca",
          "version": "0.5.0"
        }
      }
    ]
  },
  "version": 1
}
